
Microsoft Visual Studio Solution File, Format Version 12.00
# Visual Studio 15
VisualStudioVersion = 15.0.27703.2042
MinimumVisualStudioVersion = 10.0.40219.1
Project("{FAE04EC0-301F-11D3-BF4B-00C04F79EFBC}") = "CG 16-2 Cheese MVC", "CG 16-2 Cheese MVC\CG 16-2 Cheese MVC.csproj", "{AF60CFC6-44D9-4433-84C1-F7FB98F712EB}"
EndProject
Global
	GlobalSection(SolutionConfigurationPlatforms) = preSolution
		Debug|Any CPU = Debug|Any CPU
		Release|Any CPU = Release|Any CPU
	EndGlobalSection
	GlobalSection(ProjectConfigurationPlatforms) = postSolution
		{AF60CFC6-44D9-4433-84C1-F7FB98F712EB}.Debug|Any CPU.ActiveCfg = Debug|Any CPU
		{AF60CFC6-44D9-4433-84C1-F7FB98F712EB}.Debug|Any CPU.Build.0 = Debug|Any CPU
		{AF60CFC6-44D9-4433-84C1-F7FB98F712EB}.Release|Any CPU.ActiveCfg = Release|Any CPU
		{AF60CFC6-44D9-4433-84C1-F7FB98F712EB}.Release|Any CPU.Build.0 = Release|Any CPU
	EndGlobalSection
	GlobalSection(SolutionProperties) = preSolution
		HideSolutionNode = FALSE
	EndGlobalSection
	GlobalSection(ExtensibilityGlobals) = postSolution
		SolutionGuid = {514A4FC2-ADFB-45FA-A258-F58108155453}
	EndGlobalSection
EndGlobal
